
Microsoft Visual Studio Solution File, Format Version 12.00
# Visual Studio Version 17
VisualStudioVersion = 17.6.33815.320
MinimumVisualStudioVersion = 10.0.40219.1
Project("{FAE04EC0-301F-11D3-BF4B-00C04F79EFBC}") = "02_ASP.NET_Core_v3.1_Shop", "02_ASP.NET_Core_v3.1_Shop.csproj", "{155D02CF-874D-48BA-9AF2-8BA13BED66E0}"
EndProject
Global
	GlobalSection(SolutionConfigurationPlatforms) = preSolution
		Debug|Any CPU = Debug|Any CPU
		Release|Any CPU = Release|Any CPU
	EndGlobalSection
	GlobalSection(ProjectConfigurationPlatforms) = postSolution
		{155D02CF-874D-48BA-9AF2-8BA13BED66E0}.Debug|Any CPU.ActiveCfg = Debug|Any CPU
		{155D02CF-874D-48BA-9AF2-8BA13BED66E0}.Debug|Any CPU.Build.0 = Debug|Any CPU
		{155D02CF-874D-48BA-9AF2-8BA13BED66E0}.Release|Any CPU.ActiveCfg = Release|Any CPU
		{155D02CF-874D-48BA-9AF2-8BA13BED66E0}.Release|Any CPU.Build.0 = Release|Any CPU
	EndGlobalSection
	GlobalSection(SolutionProperties) = preSolution
		HideSolutionNode = FALSE
	EndGlobalSection
	GlobalSection(ExtensibilityGlobals) = postSolution
		SolutionGuid = {9FACD49C-CF77-49C0-A7AB-8581ED25B6AE}
	EndGlobalSection
EndGlobal
