
Microsoft Visual Studio Solution File, Format Version 12.00
# Visual Studio Version 17
VisualStudioVersion = 17.6.33815.320
MinimumVisualStudioVersion = 10.0.40219.1
Project("{9A19103F-16F7-4668-BE54-9A1E7A4F7556}") = "BaseServer", "BaseServer\BaseServer.csproj", "{32BE4AAE-5039-4C41-8335-DD73A5D0DCFF}"
EndProject
Project("{9A19103F-16F7-4668-BE54-9A1E7A4F7556}") = "BaseClient", "BaseClient\BaseClient.csproj", "{48136C8C-5176-4F31-BCAE-33383C4E8D18}"
EndProject
Project("{9A19103F-16F7-4668-BE54-9A1E7A4F7556}") = "01_ROUTING", "01_ROUTING\01_ROUTING.csproj", "{087E69DC-FE3C-4535-94E0-8FEAA595B3EA}"
EndProject
Project("{9A19103F-16F7-4668-BE54-9A1E7A4F7556}") = "02_ACTION", "02_ACTION\02_ACTION.csproj", "{C395D4C1-9E7F-4809-BE4C-5DDD0C8CF035}"
EndProject
Project("{9A19103F-16F7-4668-BE54-9A1E7A4F7556}") = "03_LAYOUT", "03_LAYOUT\03_LAYOUT.csproj", "{C02C2D9D-7A3B-4471-9CB0-6F375889BB53}"
EndProject
Project("{9A19103F-16F7-4668-BE54-9A1E7A4F7556}") = "04_AREAS", "04_VIEW_COMPONENTS\04_AREAS.csproj", "{C5D672D5-031E-4C0D-883B-018C1FF576C6}"
EndProject
Project("{9A19103F-16F7-4668-BE54-9A1E7A4F7556}") = "05_MODELS", "05_MODELS\05_MODELS.csproj", "{5DA2594C-84AA-4126-9E31-E83491E65343}"
EndProject
Project("{9A19103F-16F7-4668-BE54-9A1E7A4F7556}") = "06_HTMLHelpers", "06_HTMLHellpers\06_HTMLHelpers.csproj", "{3394D9D5-9DFB-4764-BF8E-C5A78E0FD624}"
EndProject
Project("{9A19103F-16F7-4668-BE54-9A1E7A4F7556}") = "07_TAGHelpers", "07_TAGHelpers\07_TAGHelpers.csproj", "{928125A4-1A02-4B1A-BCC7-172BB95C3AC6}"
EndProject
Project("{9A19103F-16F7-4668-BE54-9A1E7A4F7556}") = "08_VIEW_COMPONENTS", "08_VIEW_COMPONENTS\08_VIEW_COMPONENTS.csproj", "{E5F0B6C6-F9AC-40F5-9478-B1994AF987F6}"
EndProject
Project("{FAE04EC0-301F-11D3-BF4B-00C04F79EFBC}") = "09_Entity_Framework", "09_Entity_Framework\09_Entity_Framework.csproj", "{A372B7F0-5DDE-41E5-BD65-8807C93E1F20}"
EndProject
Project("{FAE04EC0-301F-11D3-BF4B-00C04F79EFBC}") = "10_Entity_Framework", "10_Entity_Framework\10_Entity_Framework.csproj", "{6EF99096-C9DF-4F88-B1F7-461E412AC8CD}"
EndProject
Project("{FAE04EC0-301F-11D3-BF4B-00C04F79EFBC}") = "11_Entity_Framework", "11_Entity_Framework\11_Entity_Framework.csproj", "{E8F97940-A0CB-41A0-853E-8093F263EF9E}"
EndProject
Global
	GlobalSection(SolutionConfigurationPlatforms) = preSolution
		Debug|Any CPU = Debug|Any CPU
		Release|Any CPU = Release|Any CPU
	EndGlobalSection
	GlobalSection(ProjectConfigurationPlatforms) = postSolution
		{32BE4AAE-5039-4C41-8335-DD73A5D0DCFF}.Debug|Any CPU.ActiveCfg = Debug|Any CPU
		{32BE4AAE-5039-4C41-8335-DD73A5D0DCFF}.Debug|Any CPU.Build.0 = Debug|Any CPU
		{32BE4AAE-5039-4C41-8335-DD73A5D0DCFF}.Release|Any CPU.ActiveCfg = Release|Any CPU
		{32BE4AAE-5039-4C41-8335-DD73A5D0DCFF}.Release|Any CPU.Build.0 = Release|Any CPU
		{48136C8C-5176-4F31-BCAE-33383C4E8D18}.Debug|Any CPU.ActiveCfg = Debug|Any CPU
		{48136C8C-5176-4F31-BCAE-33383C4E8D18}.Debug|Any CPU.Build.0 = Debug|Any CPU
		{48136C8C-5176-4F31-BCAE-33383C4E8D18}.Release|Any CPU.ActiveCfg = Release|Any CPU
		{48136C8C-5176-4F31-BCAE-33383C4E8D18}.Release|Any CPU.Build.0 = Release|Any CPU
		{087E69DC-FE3C-4535-94E0-8FEAA595B3EA}.Debug|Any CPU.ActiveCfg = Debug|Any CPU
		{087E69DC-FE3C-4535-94E0-8FEAA595B3EA}.Debug|Any CPU.Build.0 = Debug|Any CPU
		{087E69DC-FE3C-4535-94E0-8FEAA595B3EA}.Release|Any CPU.ActiveCfg = Release|Any CPU
		{087E69DC-FE3C-4535-94E0-8FEAA595B3EA}.Release|Any CPU.Build.0 = Release|Any CPU
		{C395D4C1-9E7F-4809-BE4C-5DDD0C8CF035}.Debug|Any CPU.ActiveCfg = Debug|Any CPU
		{C395D4C1-9E7F-4809-BE4C-5DDD0C8CF035}.Debug|Any CPU.Build.0 = Debug|Any CPU
		{C395D4C1-9E7F-4809-BE4C-5DDD0C8CF035}.Release|Any CPU.ActiveCfg = Release|Any CPU
		{C395D4C1-9E7F-4809-BE4C-5DDD0C8CF035}.Release|Any CPU.Build.0 = Release|Any CPU
		{C02C2D9D-7A3B-4471-9CB0-6F375889BB53}.Debug|Any CPU.ActiveCfg = Debug|Any CPU
		{C02C2D9D-7A3B-4471-9CB0-6F375889BB53}.Debug|Any CPU.Build.0 = Debug|Any CPU
		{C02C2D9D-7A3B-4471-9CB0-6F375889BB53}.Release|Any CPU.ActiveCfg = Release|Any CPU
		{C02C2D9D-7A3B-4471-9CB0-6F375889BB53}.Release|Any CPU.Build.0 = Release|Any CPU
		{C5D672D5-031E-4C0D-883B-018C1FF576C6}.Debug|Any CPU.ActiveCfg = Debug|Any CPU
		{C5D672D5-031E-4C0D-883B-018C1FF576C6}.Debug|Any CPU.Build.0 = Debug|Any CPU
		{C5D672D5-031E-4C0D-883B-018C1FF576C6}.Release|Any CPU.ActiveCfg = Release|Any CPU
		{C5D672D5-031E-4C0D-883B-018C1FF576C6}.Release|Any CPU.Build.0 = Release|Any CPU
		{5DA2594C-84AA-4126-9E31-E83491E65343}.Debug|Any CPU.ActiveCfg = Debug|Any CPU
		{5DA2594C-84AA-4126-9E31-E83491E65343}.Debug|Any CPU.Build.0 = Debug|Any CPU
		{5DA2594C-84AA-4126-9E31-E83491E65343}.Release|Any CPU.ActiveCfg = Release|Any CPU
		{5DA2594C-84AA-4126-9E31-E83491E65343}.Release|Any CPU.Build.0 = Release|Any CPU
		{3394D9D5-9DFB-4764-BF8E-C5A78E0FD624}.Debug|Any CPU.ActiveCfg = Debug|Any CPU
		{3394D9D5-9DFB-4764-BF8E-C5A78E0FD624}.Debug|Any CPU.Build.0 = Debug|Any CPU
		{3394D9D5-9DFB-4764-BF8E-C5A78E0FD624}.Release|Any CPU.ActiveCfg = Release|Any CPU
		{3394D9D5-9DFB-4764-BF8E-C5A78E0FD624}.Release|Any CPU.Build.0 = Release|Any CPU
		{928125A4-1A02-4B1A-BCC7-172BB95C3AC6}.Debug|Any CPU.ActiveCfg = Debug|Any CPU
		{928125A4-1A02-4B1A-BCC7-172BB95C3AC6}.Debug|Any CPU.Build.0 = Debug|Any CPU
		{928125A4-1A02-4B1A-BCC7-172BB95C3AC6}.Release|Any CPU.ActiveCfg = Release|Any CPU
		{928125A4-1A02-4B1A-BCC7-172BB95C3AC6}.Release|Any CPU.Build.0 = Release|Any CPU
		{E5F0B6C6-F9AC-40F5-9478-B1994AF987F6}.Debug|Any CPU.ActiveCfg = Debug|Any CPU
		{E5F0B6C6-F9AC-40F5-9478-B1994AF987F6}.Debug|Any CPU.Build.0 = Debug|Any CPU
		{E5F0B6C6-F9AC-40F5-9478-B1994AF987F6}.Release|Any CPU.ActiveCfg = Release|Any CPU
		{E5F0B6C6-F9AC-40F5-9478-B1994AF987F6}.Release|Any CPU.Build.0 = Release|Any CPU
		{A372B7F0-5DDE-41E5-BD65-8807C93E1F20}.Debug|Any CPU.ActiveCfg = Debug|Any CPU
		{A372B7F0-5DDE-41E5-BD65-8807C93E1F20}.Debug|Any CPU.Build.0 = Debug|Any CPU
		{A372B7F0-5DDE-41E5-BD65-8807C93E1F20}.Release|Any CPU.ActiveCfg = Release|Any CPU
		{A372B7F0-5DDE-41E5-BD65-8807C93E1F20}.Release|Any CPU.Build.0 = Release|Any CPU
		{6EF99096-C9DF-4F88-B1F7-461E412AC8CD}.Debug|Any CPU.ActiveCfg = Debug|Any CPU
		{6EF99096-C9DF-4F88-B1F7-461E412AC8CD}.Debug|Any CPU.Build.0 = Debug|Any CPU
		{6EF99096-C9DF-4F88-B1F7-461E412AC8CD}.Release|Any CPU.ActiveCfg = Release|Any CPU
		{6EF99096-C9DF-4F88-B1F7-461E412AC8CD}.Release|Any CPU.Build.0 = Release|Any CPU
		{E8F97940-A0CB-41A0-853E-8093F263EF9E}.Debug|Any CPU.ActiveCfg = Debug|Any CPU
		{E8F97940-A0CB-41A0-853E-8093F263EF9E}.Debug|Any CPU.Build.0 = Debug|Any CPU
		{E8F97940-A0CB-41A0-853E-8093F263EF9E}.Release|Any CPU.ActiveCfg = Release|Any CPU
		{E8F97940-A0CB-41A0-853E-8093F263EF9E}.Release|Any CPU.Build.0 = Release|Any CPU
	EndGlobalSection
	GlobalSection(SolutionProperties) = preSolution
		HideSolutionNode = FALSE
	EndGlobalSection
	GlobalSection(ExtensibilityGlobals) = postSolution
		SolutionGuid = {23F8549A-1868-4E92-AA1C-81C4195639EF}
	EndGlobalSection
EndGlobal
