
Microsoft Visual Studio Solution File, Format Version 12.00
# Visual Studio Version 17
VisualStudioVersion = 17.6.33829.357
MinimumVisualStudioVersion = 10.0.40219.1
Project("{FAE04EC0-301F-11D3-BF4B-00C04F79EFBC}") = "01_MongoDB", "01_MongoDB\01_MongoDB.csproj", "{BB90E10E-EF65-4C86-A6F6-CAE616F6B023}"
EndProject
Global
	GlobalSection(SolutionConfigurationPlatforms) = preSolution
		Debug|Any CPU = Debug|Any CPU
		Release|Any CPU = Release|Any CPU
	EndGlobalSection
	GlobalSection(ProjectConfigurationPlatforms) = postSolution
		{BB90E10E-EF65-4C86-A6F6-CAE616F6B023}.Debug|Any CPU.ActiveCfg = Debug|Any CPU
		{BB90E10E-EF65-4C86-A6F6-CAE616F6B023}.Debug|Any CPU.Build.0 = Debug|Any CPU
		{BB90E10E-EF65-4C86-A6F6-CAE616F6B023}.Release|Any CPU.ActiveCfg = Release|Any CPU
		{BB90E10E-EF65-4C86-A6F6-CAE616F6B023}.Release|Any CPU.Build.0 = Release|Any CPU
	EndGlobalSection
	GlobalSection(SolutionProperties) = preSolution
		HideSolutionNode = FALSE
	EndGlobalSection
	GlobalSection(ExtensibilityGlobals) = postSolution
		SolutionGuid = {F7C0EA68-B802-455B-917C-C581FBE550B7}
	EndGlobalSection
EndGlobal
